{
  "name": "community-idle-items-web",
  "version": "1.0.0",
  "lockfileVersion": 1,
  "requires": true,
  "dependencies": {
    "@vue/devtools-api": {
      "version": "7.7.9",
      "resolved": "https://registry.npmmirror.com/@vue/devtools-api/-/devtools-api-7.7.9.tgz",
      "integrity": "sha512-kIE8wvwlcZ6TJTbNeU2HQNtaxLx3a84aotTITUuL/4bzfPxzajGBOoqjMhwZJ8L9qFYDU/lAYMEEm11dnZOD6g==",
      "requires": {
        "@vue/devtools-kit": "^7.7.9"
      }
    },
    "@vue/devtools-kit": {
      "version": "7.7.9",
      "resolved": "https://registry.npmmirror.com/@vue/devtools-kit/-/devtools-kit-7.7.9.tgz",
      "integrity": "sha512-PyQ6odHSgiDVd4hnTP+aDk2X4gl2HmLDfiyEnn3/oV+ckFDuswRs4IbBT7vacMuGdwY/XemxBoh302ctbsptuA==",
      "requires": {
        "@vue/devtools-shared": "^7.7.9",
        "birpc": "^2.3.0",
        "hookable": "^5.5.3",
        "mitt": "^3.0.1",
        "perfect-debounce": "^1.0.0",
        "speakingurl": "^14.0.1",
        "superjson": "^2.2.2"
      }
    },
    "@vue/devtools-shared": {
      "version": "7.7.9",
      "resolved": "https://registry.npmmirror.com/@vue/devtools-shared/-/devtools-shared-7.7.9.tgz",
      "integrity": "sha512-iWAb0v2WYf0QWmxCGy0seZNDPdO3Sp5+u78ORnyeonS6MT4PC7VPrryX2BpMJrwlDeaZ6BD4vP4XKjK0SZqaeA==",
      "requires": {
        "rfdc": "^1.4.1"
      }
    },
    "birpc": {
      "version": "2.9.0",
      "resolved": "https://registry.npmmirror.com/birpc/-/birpc-2.9.0.tgz",
      "integrity": "sha512-KrayHS5pBi69Xi9JmvoqrIgYGDkD6mcSe/i6YKi3w5kekCLzrX4+nawcXqrj2tIp50Kw/mT/s3p+GVK0A0sKxw=="
    },
    "copy-anything": {
      "version": "4.0.5",
      "resolved": "https://registry.npmmirror.com/copy-anything/-/copy-anything-4.0.5.tgz",
      "integrity": "sha512-7Vv6asjS4gMOuILabD3l739tsaxFQmC+a7pLZm02zyvs8p977bL3zEgq3yDk5rn9B0PbYgIv++jmHcuUab4RhA==",
      "requires": {
        "is-what": "^5.2.0"
      }
    },
    "hookable": {
      "version": "5.5.3",
      "resolved": "https://registry.npmmirror.com/hookable/-/hookable-5.5.3.tgz",
      "integrity": "sha512-Yc+BQe8SvoXH1643Qez1zqLRmbA5rCL+sSmk6TVos0LWVfNIB7PGncdlId77WzLGSIB5KaWgTaNTs2lNVEI6VQ=="
    },
    "is-what": {
      "version": "5.5.0",
      "resolved": "https://registry.npmmirror.com/is-what/-/is-what-5.5.0.tgz",
      "integrity": "sha512-oG7cgbmg5kLYae2N5IVd3jm2s+vldjxJzK1pcu9LfpGuQ93MQSzo0okvRna+7y5ifrD+20FE8FvjusyGaz14fw=="
    },
    "mitt": {
      "version": "3.0.1",
      "resolved": "https://registry.npmmirror.com/mitt/-/mitt-3.0.1.tgz",
      "integrity": "sha512-vKivATfr97l2/QBCYAkXYDbrIWPM2IIKEl7YPhjCvKlG3kE2gm+uBo6nEXK3M5/Ffh/FLpKExzOQ3JJoJGFKBw=="
    },
    "perfect-debounce": {
      "version": "1.0.0",
      "resolved": "https://registry.npmmirror.com/perfect-debounce/-/perfect-debounce-1.0.0.tgz",
      "integrity": "sha512-xCy9V055GLEqoFaHoC1SoLIaLmWctgCUaBaWxDZ7/Zx4CTyX7cJQLJOok/orfjZAh9kEYpjJa4d0KcJmCbctZA=="
    },
    "pinia": {
      "version": "3.0.4",
      "resolved": "https://registry.npmmirror.com/pinia/-/pinia-3.0.4.tgz",
      "integrity": "sha512-l7pqLUFTI/+ESXn6k3nu30ZIzW5E2WZF/LaHJEpoq6ElcLD+wduZoB2kBN19du6K/4FDpPMazY2wJr+IndBtQw==",
      "requires": {
        "@vue/devtools-api": "^7.7.7"
      }
    },
    "rfdc": {
      "version": "1.4.1",
      "resolved": "https://registry.npmmirror.com/rfdc/-/rfdc-1.4.1.tgz",
      "integrity": "sha512-q1b3N5QkRUWUl7iyylaaj3kOpIT0N2i9MqIEQXP73GVsN9cw3fdx8X63cEmWhJGi2PPCF23Ijp7ktmd39rawIA=="
    },
    "speakingurl": {
      "version": "14.0.1",
      "resolved": "https://registry.npmmirror.com/speakingurl/-/speakingurl-14.0.1.tgz",
      "integrity": "sha512-1POYv7uv2gXoyGFpBCmpDVSNV74IfsWlDW216UPjbWufNf+bSU6GdbDsxdcxtfwb4xlI3yxzOTKClUosxARYrQ=="
    },
    "superjson": {
      "version": "2.2.6",
      "resolved": "https://registry.npmmirror.com/superjson/-/superjson-2.2.6.tgz",
      "integrity": "sha512-H+ue8Zo4vJmV2nRjpx86P35lzwDT3nItnIsocgumgr0hHMQ+ZGq5vrERg9kJBo5AWGmxZDhzDo+WVIJqkB0cGA==",
      "requires": {
        "copy-anything": "^4"
      }
    }
  }
}
